<?xml version="1.0" encoding="utf-8"?>
<Project ToolsVersion="4.0" xmlns="http://schemas.microsoft.com/developer/msbuild/2003">
  <ItemGroup>
    <Filter Include="Quelldateien">
      <UniqueIdentifier>{4FC737F1-C7A5-4376-A066-2A32D752A2FF}</UniqueIdentifier>
      <Extensions>cpp;c;cc;cxx;def;odl;idl;hpj;bat;asm;asmx</Extensions>
    </Filter>
    <Filter Include="Headerdateien">
      <UniqueIdentifier>{93995380-89BD-4b04-88EB-625FBE52EBFB}</UniqueIdentifier>
      <Extensions>h;hh;hpp;hxx;hm;inl;inc;xsd</Extensions>
    </Filter>
    <Filter Include="Ressourcendateien">
      <UniqueIdentifier>{67DA6AB6-F800-4c08-8B7A-83BB121AAD01}</UniqueIdentifier>
      <Extensions>rc;ico;cur;bmp;dlg;rc2;rct;bin;rgs;gif;jpg;jpeg;jpe;resx;tiff;tif;png;wav;mfcribbon-ms</Extensions>
    </Filter>
    <Filter Include="Headerdateien\datenbank">
      <UniqueIdentifier>{a6f4da5f-20ca-4709-8fa1-749422abc402}</UniqueIdentifier>
    </Filter>
    <Filter Include="Quelldateien\datenbank">
      <UniqueIdentifier>{0a12e4b8-ed3f-47b1-acb7-24df09257f7a}</UniqueIdentifier>
    </Filter>
    <Filter Include="Headerdateien\sf::animantion">
      <UniqueIdentifier>{b87fed57-958d-4974-b1c2-4084d62ecaac}</UniqueIdentifier>
    </Filter>
    <Filter Include="Quelldateien\sf::animation">
      <UniqueIdentifier>{9e0dd8cf-81e4-4267-af47-c9d70290c134}</UniqueIdentifier>
    </Filter>
    <Filter Include="Quelldateien\Hauptfenster">
      <UniqueIdentifier>{1056e08a-314d-4b18-80ae-15ee5e9e9dac}</UniqueIdentifier>
    </Filter>
    <Filter Include="Quelldateien\Tavernfenster">
      <UniqueIdentifier>{c4d8d1a2-277d-4a40-a47b-756a0c1df1e0}</UniqueIdentifier>
    </Filter>
    <Filter Include="Headerdateien\Hauptfenster">
      <UniqueIdentifier>{f9fc95fa-5515-4530-be22-f401291cf491}</UniqueIdentifier>
    </Filter>
    <Filter Include="Headerdateien\Tavernfenster">
      <UniqueIdentifier>{345f17f2-6473-4034-b460-ab38bc4c1915}</UniqueIdentifier>
    </Filter>
    <Filter Include="Headerdateien\Code Funktion">
      <UniqueIdentifier>{f0c1f841-7518-423a-88d3-4ee222ed5c53}</UniqueIdentifier>
    </Filter>
    <Filter Include="Quelldateien\Code Funktion">
      <UniqueIdentifier>{d327dc38-f451-417c-b0c9-0e715fc0af41}</UniqueIdentifier>
    </Filter>
  </ItemGroup>
  <ItemGroup>
    <ClCompile Include="main.cpp">
      <Filter>Quelldateien</Filter>
    </ClCompile>
    <ClCompile Include="main_frame.cpp">
      <Filter>Quelldateien</Filter>
    </ClCompile>
    <ClCompile Include="dungeon_manager.cpp">
      <Filter>Quelldateien</Filter>
    </ClCompile>
    <ClCompile Include="enviroment_loader.cpp">
      <Filter>Quelldateien</Filter>
    </ClCompile>
    <ClCompile Include="datenbank_main.cpp">
      <Filter>Quelldateien\datenbank</Filter>
    </ClCompile>
    <ClCompile Include="tavern_main.cpp">
      <Filter>Quelldateien\Tavernfenster</Filter>
    </ClCompile>
    <ClCompile Include="main_base.cpp">
      <Filter>Quelldateien</Filter>
    </ClCompile>
    <ClCompile Include="Animation.cpp">
      <Filter>Quelldateien\sf::animation</Filter>
    </ClCompile>
    <ClCompile Include="AnimatedSprite.cpp">
      <Filter>Quelldateien\sf::animation</Filter>
    </ClCompile>
    <ClCompile Include="main_os_manager.cpp">
      <Filter>Quelldateien</Filter>
    </ClCompile>
    <ClCompile Include="generate_items.cpp">
      <Filter>Quelldateien\Tavernfenster</Filter>
    </ClCompile>
    <ClCompile Include="sfSpriteGen.cpp">
      <Filter>Quelldateien\Code Funktion</Filter>
    </ClCompile>
    <ClCompile Include="riftBrowser.cpp">
      <Filter>Quelldateien\Hauptfenster</Filter>
    </ClCompile>
  </ItemGroup>
  <ItemGroup>
    <ClInclude Include="main_frame.hpp">
      <Filter>Headerdateien</Filter>
    </ClInclude>
    <ClInclude Include="dungeon_manager.hpp">
      <Filter>Headerdateien</Filter>
    </ClInclude>
    <ClInclude Include="enviroment_loader.hpp">
      <Filter>Headerdateien</Filter>
    </ClInclude>
    <ClInclude Include="datenbank_main.hpp">
      <Filter>Headerdateien\datenbank</Filter>
    </ClInclude>
    <ClInclude Include="..\x64\Release\sfml-graphics-2.dll">
      <Filter>Ressourcendateien</Filter>
    </ClInclude>
    <ClInclude Include="..\x64\Release\sfml-system-2.dll">
      <Filter>Ressourcendateien</Filter>
    </ClInclude>
    <ClInclude Include="..\x64\Release\sfml-window-2.dll">
      <Filter>Ressourcendateien</Filter>
    </ClInclude>
    <ClInclude Include="tavern_main.hpp">
      <Filter>Headerdateien\Tavernfenster</Filter>
    </ClInclude>
    <ClInclude Include="main_base.hpp">
      <Filter>Headerdateien</Filter>
    </ClInclude>
    <ClInclude Include="AnimatedSprite.hpp">
      <Filter>Headerdateien\sf::animantion</Filter>
    </ClInclude>
    <ClInclude Include="Animation.hpp">
      <Filter>Headerdateien\sf::animantion</Filter>
    </ClInclude>
    <ClInclude Include="main_os_manager.hpp">
      <Filter>Headerdateien</Filter>
    </ClInclude>
    <ClInclude Include="generate_items.hpp">
      <Filter>Headerdateien\Tavernfenster</Filter>
    </ClInclude>
    <ClInclude Include="sfSpriteGen.hpp">
      <Filter>Headerdateien\Code Funktion</Filter>
    </ClInclude>
    <ClInclude Include="riftBrowser.hpp">
      <Filter>Headerdateien\Hauptfenster</Filter>
    </ClInclude>
  </ItemGroup>
  <ItemGroup>
    <None Include="..\x64\Release\DATA\local.db">
      <Filter>Ressourcendateien</Filter>
    </None>
  </ItemGroup>
</Project>